
Microsoft Visual Studio Solution File, Format Version 12.00
# Visual Studio 15
VisualStudioVersion = 15.0.26730.16
MinimumVisualStudioVersion = 10.0.40219.1
Project("{FAE04EC0-301F-11D3-BF4B-00C04F79EFBC}") = "Projekt_Server", "Projekt_Server\Projekt_Server.csproj", "{0088F149-710A-48AF-9ACB-016A938B8F75}"
EndProject
Global
	GlobalSection(SolutionConfigurationPlatforms) = preSolution
		Debug|Any CPU = Debug|Any CPU
		Release|Any CPU = Release|Any CPU
	EndGlobalSection
	GlobalSection(ProjectConfigurationPlatforms) = postSolution
		{0088F149-710A-48AF-9ACB-016A938B8F75}.Debug|Any CPU.ActiveCfg = Debug|Any CPU
		{0088F149-710A-48AF-9ACB-016A938B8F75}.Debug|Any CPU.Build.0 = Debug|Any CPU
		{0088F149-710A-48AF-9ACB-016A938B8F75}.Release|Any CPU.ActiveCfg = Release|Any CPU
		{0088F149-710A-48AF-9ACB-016A938B8F75}.Release|Any CPU.Build.0 = Release|Any CPU
	EndGlobalSection
	GlobalSection(SolutionProperties) = preSolution
		HideSolutionNode = FALSE
	EndGlobalSection
	GlobalSection(ExtensibilityGlobals) = postSolution
		SolutionGuid = {F8C8552D-2C15-45BB-9562-BB59A66C4EBE}
	EndGlobalSection
EndGlobal
